
Microsoft Visual Studio Solution File, Format Version 12.00
# Visual Studio 15
VisualStudioVersion = 15.0.28307.421
MinimumVisualStudioVersion = 10.0.40219.1
Project("{888888A0-9F3D-457C-B088-3A5042F75D52}") = "VideoIndexerApiClient", "VideoIndexerApiClient\VideoIndexerApiClient.pyproj", "{E0752E65-CBF1-4C13-8538-14A4240428B7}"
EndProject
Global
	GlobalSection(SolutionConfigurationPlatforms) = preSolution
		Debug|Any CPU = Debug|Any CPU
		Release|Any CPU = Release|Any CPU
	EndGlobalSection
	GlobalSection(ProjectConfigurationPlatforms) = postSolution
		{E0752E65-CBF1-4C13-8538-14A4240428B7}.Debug|Any CPU.ActiveCfg = Debug|Any CPU
		{E0752E65-CBF1-4C13-8538-14A4240428B7}.Release|Any CPU.ActiveCfg = Release|Any CPU
	EndGlobalSection
	GlobalSection(SolutionProperties) = preSolution
		HideSolutionNode = FALSE
	EndGlobalSection
	GlobalSection(ExtensibilityGlobals) = postSolution
		SolutionGuid = {48B90B33-4E89-4760-B760-F4FB4CBD32EE}
	EndGlobalSection
EndGlobal
