
Microsoft Visual Studio Solution File, Format Version 12.00
# Visual Studio 15
VisualStudioVersion = 15.0.28307.539
MinimumVisualStudioVersion = 10.0.40219.1
Project("{FAE04EC0-301F-11D3-BF4B-00C04F79EFBC}") = "AnomalySDK", "AnomalySDK\AnomalySDK.csproj", "{A6672981-41B8-48CE-B1CF-75D5FFFDF541}"
EndProject
Global
	GlobalSection(SolutionConfigurationPlatforms) = preSolution
		Debug|Any CPU = Debug|Any CPU
		Release|Any CPU = Release|Any CPU
	EndGlobalSection
	GlobalSection(ProjectConfigurationPlatforms) = postSolution
		{A6672981-41B8-48CE-B1CF-75D5FFFDF541}.Debug|Any CPU.ActiveCfg = Debug|Any CPU
		{A6672981-41B8-48CE-B1CF-75D5FFFDF541}.Debug|Any CPU.Build.0 = Debug|Any CPU
		{A6672981-41B8-48CE-B1CF-75D5FFFDF541}.Release|Any CPU.ActiveCfg = Release|Any CPU
		{A6672981-41B8-48CE-B1CF-75D5FFFDF541}.Release|Any CPU.Build.0 = Release|Any CPU
	EndGlobalSection
	GlobalSection(SolutionProperties) = preSolution
		HideSolutionNode = FALSE
	EndGlobalSection
	GlobalSection(ExtensibilityGlobals) = postSolution
		SolutionGuid = {E5DA8F93-6D3C-44BF-9C35-F1B55BE3E67D}
	EndGlobalSection
EndGlobal
